
Microsoft Visual Studio Solution File, Format Version 12.00
# Visual Studio Version 17
VisualStudioVersion = 17.7.34031.279
MinimumVisualStudioVersion = 10.0.40219.1
Project("{FAE04EC0-301F-11D3-BF4B-00C04F79EFBC}") = "VisProje3", "VisProje3\VisProje3.csproj", "{13B781BE-8BB6-443D-BE83-4E0E07938D54}"
EndProject
Global
	GlobalSection(SolutionConfigurationPlatforms) = preSolution
		Debug|Any CPU = Debug|Any CPU
		Release|Any CPU = Release|Any CPU
	EndGlobalSection
	GlobalSection(ProjectConfigurationPlatforms) = postSolution
		{13B781BE-8BB6-443D-BE83-4E0E07938D54}.Debug|Any CPU.ActiveCfg = Debug|Any CPU
		{13B781BE-8BB6-443D-BE83-4E0E07938D54}.Debug|Any CPU.Build.0 = Debug|Any CPU
		{13B781BE-8BB6-443D-BE83-4E0E07938D54}.Release|Any CPU.ActiveCfg = Release|Any CPU
		{13B781BE-8BB6-443D-BE83-4E0E07938D54}.Release|Any CPU.Build.0 = Release|Any CPU
	EndGlobalSection
	GlobalSection(SolutionProperties) = preSolution
		HideSolutionNode = FALSE
	EndGlobalSection
	GlobalSection(ExtensibilityGlobals) = postSolution
		SolutionGuid = {56F53F6C-E8A5-4ADA-B9F6-BF55148A984A}
	EndGlobalSection
EndGlobal
